
Microsoft Visual Studio Solution File, Format Version 12.00
# Visual Studio Version 17
VisualStudioVersion = 17.3.32929.385
MinimumVisualStudioVersion = 10.0.40219.1
Project("{FAE04EC0-301F-11D3-BF4B-00C04F79EFBC}") = "PROJ_COMP", "PROJ_COMP\PROJ_COMP.csproj", "{C571597D-9D8A-4670-9376-9C266B93954B}"
EndProject
Project("{FAE04EC0-301F-11D3-BF4B-00C04F79EFBC}") = "UnitTest1_Proj_Comp", "UnitTest1_Proj_Comp\UnitTest1_Proj_Comp.csproj", "{AEE84D6D-1916-461F-978E-758E84F8326F}"
EndProject
Global
	GlobalSection(SolutionConfigurationPlatforms) = preSolution
		Debug|Any CPU = Debug|Any CPU
		Release|Any CPU = Release|Any CPU
	EndGlobalSection
	GlobalSection(ProjectConfigurationPlatforms) = postSolution
		{C571597D-9D8A-4670-9376-9C266B93954B}.Debug|Any CPU.ActiveCfg = Debug|Any CPU
		{C571597D-9D8A-4670-9376-9C266B93954B}.Debug|Any CPU.Build.0 = Debug|Any CPU
		{C571597D-9D8A-4670-9376-9C266B93954B}.Release|Any CPU.ActiveCfg = Release|Any CPU
		{C571597D-9D8A-4670-9376-9C266B93954B}.Release|Any CPU.Build.0 = Release|Any CPU
		{AEE84D6D-1916-461F-978E-758E84F8326F}.Debug|Any CPU.ActiveCfg = Debug|Any CPU
		{AEE84D6D-1916-461F-978E-758E84F8326F}.Debug|Any CPU.Build.0 = Debug|Any CPU
		{AEE84D6D-1916-461F-978E-758E84F8326F}.Release|Any CPU.ActiveCfg = Release|Any CPU
		{AEE84D6D-1916-461F-978E-758E84F8326F}.Release|Any CPU.Build.0 = Release|Any CPU
	EndGlobalSection
	GlobalSection(SolutionProperties) = preSolution
		HideSolutionNode = FALSE
	EndGlobalSection
	GlobalSection(ExtensibilityGlobals) = postSolution
		SolutionGuid = {A5CE4459-4843-43B4-B6F7-AC4701F3F6F6}
	EndGlobalSection
EndGlobal
